
Microsoft Visual Studio Solution File, Format Version 12.00
Project("{FAE04EC0-301F-11D3-BF4B-00C04F79EFBC}") = "Foxtaur.Desktop", "Foxtaur.Desktop\Foxtaur.Desktop.csproj", "{D7D20CFC-E973-4E53-AD0A-6614F3FA2A18}"
EndProject
Project("{FAE04EC0-301F-11D3-BF4B-00C04F79EFBC}") = "Foxtaur.LibRenderer", "Foxtaur.LibRenderer\Foxtaur.LibRenderer.csproj", "{260A599C-392D-4A59-A5C1-904D8EDE3F1F}"
EndProject
Project("{FAE04EC0-301F-11D3-BF4B-00C04F79EFBC}") = "Foxtaur.LibGeo", "Foxtaur.LibGeo\Foxtaur.LibGeo.csproj", "{F6EEB2E7-C6C6-4584-BA10-97ACDC239C78}"
EndProject
Project("{FAE04EC0-301F-11D3-BF4B-00C04F79EFBC}") = "Foxtaur.LibResources", "Foxtaur.LibResources\Foxtaur.LibResources.csproj", "{D746ABFC-97D6-4A40-B075-4047BFBAE222}"
EndProject
Project("{FAE04EC0-301F-11D3-BF4B-00C04F79EFBC}") = "Foxtaur.Helpers", "Foxtaur.Helpers\Foxtaur.Helpers.csproj", "{B76608F7-7CCF-4A0F-AF9B-69772167C855}"
EndProject
Project("{FAE04EC0-301F-11D3-BF4B-00C04F79EFBC}") = "Foxtaur.LibSettings", "Foxtaur.LibSettings\Foxtaur.LibSettings.csproj", "{BBAE765D-0E76-4FFA-8CFD-AB24B260D19D}"
EndProject
Global
	GlobalSection(SolutionConfigurationPlatforms) = preSolution
		Debug|Any CPU = Debug|Any CPU
		Release|Any CPU = Release|Any CPU
	EndGlobalSection
	GlobalSection(ProjectConfigurationPlatforms) = postSolution
		{D7D20CFC-E973-4E53-AD0A-6614F3FA2A18}.Debug|Any CPU.ActiveCfg = Debug|Any CPU
		{D7D20CFC-E973-4E53-AD0A-6614F3FA2A18}.Debug|Any CPU.Build.0 = Debug|Any CPU
		{D7D20CFC-E973-4E53-AD0A-6614F3FA2A18}.Release|Any CPU.ActiveCfg = Release|Any CPU
		{D7D20CFC-E973-4E53-AD0A-6614F3FA2A18}.Release|Any CPU.Build.0 = Release|Any CPU
		{260A599C-392D-4A59-A5C1-904D8EDE3F1F}.Debug|Any CPU.ActiveCfg = Debug|Any CPU
		{260A599C-392D-4A59-A5C1-904D8EDE3F1F}.Debug|Any CPU.Build.0 = Debug|Any CPU
		{260A599C-392D-4A59-A5C1-904D8EDE3F1F}.Release|Any CPU.ActiveCfg = Release|Any CPU
		{260A599C-392D-4A59-A5C1-904D8EDE3F1F}.Release|Any CPU.Build.0 = Release|Any CPU
		{F6EEB2E7-C6C6-4584-BA10-97ACDC239C78}.Debug|Any CPU.ActiveCfg = Debug|Any CPU
		{F6EEB2E7-C6C6-4584-BA10-97ACDC239C78}.Debug|Any CPU.Build.0 = Debug|Any CPU
		{F6EEB2E7-C6C6-4584-BA10-97ACDC239C78}.Release|Any CPU.ActiveCfg = Release|Any CPU
		{F6EEB2E7-C6C6-4584-BA10-97ACDC239C78}.Release|Any CPU.Build.0 = Release|Any CPU
		{D746ABFC-97D6-4A40-B075-4047BFBAE222}.Debug|Any CPU.ActiveCfg = Debug|Any CPU
		{D746ABFC-97D6-4A40-B075-4047BFBAE222}.Debug|Any CPU.Build.0 = Debug|Any CPU
		{D746ABFC-97D6-4A40-B075-4047BFBAE222}.Release|Any CPU.ActiveCfg = Release|Any CPU
		{D746ABFC-97D6-4A40-B075-4047BFBAE222}.Release|Any CPU.Build.0 = Release|Any CPU
		{B76608F7-7CCF-4A0F-AF9B-69772167C855}.Debug|Any CPU.ActiveCfg = Debug|Any CPU
		{B76608F7-7CCF-4A0F-AF9B-69772167C855}.Debug|Any CPU.Build.0 = Debug|Any CPU
		{B76608F7-7CCF-4A0F-AF9B-69772167C855}.Release|Any CPU.ActiveCfg = Release|Any CPU
		{B76608F7-7CCF-4A0F-AF9B-69772167C855}.Release|Any CPU.Build.0 = Release|Any CPU
		{BBAE765D-0E76-4FFA-8CFD-AB24B260D19D}.Debug|Any CPU.ActiveCfg = Debug|Any CPU
		{BBAE765D-0E76-4FFA-8CFD-AB24B260D19D}.Debug|Any CPU.Build.0 = Debug|Any CPU
		{BBAE765D-0E76-4FFA-8CFD-AB24B260D19D}.Release|Any CPU.ActiveCfg = Release|Any CPU
		{BBAE765D-0E76-4FFA-8CFD-AB24B260D19D}.Release|Any CPU.Build.0 = Release|Any CPU
	EndGlobalSection
EndGlobal
