
Microsoft Visual Studio Solution File, Format Version 12.00
Project("{FAE04EC0-301F-11D3-BF4B-00C04F79EFBC}") = "Foxtaur.Desktop", "Foxtaur.Desktop\Foxtaur.Desktop.csproj", "{D7D20CFC-E973-4E53-AD0A-6614F3FA2A18}"
EndProject
Global
	GlobalSection(SolutionConfigurationPlatforms) = preSolution
		Debug|Any CPU = Debug|Any CPU
		Release|Any CPU = Release|Any CPU
	EndGlobalSection
	GlobalSection(ProjectConfigurationPlatforms) = postSolution
		{D7D20CFC-E973-4E53-AD0A-6614F3FA2A18}.Debug|Any CPU.ActiveCfg = Debug|Any CPU
		{D7D20CFC-E973-4E53-AD0A-6614F3FA2A18}.Debug|Any CPU.Build.0 = Debug|Any CPU
		{D7D20CFC-E973-4E53-AD0A-6614F3FA2A18}.Release|Any CPU.ActiveCfg = Release|Any CPU
		{D7D20CFC-E973-4E53-AD0A-6614F3FA2A18}.Release|Any CPU.Build.0 = Release|Any CPU
	EndGlobalSection
EndGlobal
